
Microsoft Visual Studio Solution File, Format Version 12.00
Project("{FAE04EC0-301F-11D3-BF4B-00C04F79EFBC}") = "RoIGraphParser", "RoIGraphParser\RoIGraphParser.csproj", "{4AC4BFF5-F0F1-4476-920E-65F8824ED324}"
EndProject
Global
	GlobalSection(SolutionConfigurationPlatforms) = preSolution
		Debug|Any CPU = Debug|Any CPU
		Release|Any CPU = Release|Any CPU
	EndGlobalSection
	GlobalSection(ProjectConfigurationPlatforms) = postSolution
		{4AC4BFF5-F0F1-4476-920E-65F8824ED324}.Debug|Any CPU.ActiveCfg = Debug|Any CPU
		{4AC4BFF5-F0F1-4476-920E-65F8824ED324}.Debug|Any CPU.Build.0 = Debug|Any CPU
		{4AC4BFF5-F0F1-4476-920E-65F8824ED324}.Release|Any CPU.ActiveCfg = Release|Any CPU
		{4AC4BFF5-F0F1-4476-920E-65F8824ED324}.Release|Any CPU.Build.0 = Release|Any CPU
	EndGlobalSection
EndGlobal
